
Microsoft Visual Studio Solution File, Format Version 12.00
# Visual Studio Version 17
VisualStudioVersion = 17.7.34202.233
MinimumVisualStudioVersion = 10.0.40219.1
Project("{8BC9CEB8-8B4A-11D0-8D11-00A0C91BC942}") = "kolejka", "kolejka.vcxproj", "{EDD683D3-C90F-4C86-B4AE-573B702D3965}"
EndProject
Global
	GlobalSection(SolutionConfigurationPlatforms) = preSolution
		Debug|x64 = Debug|x64
		Debug|x86 = Debug|x86
		Release|x64 = Release|x64
		Release|x86 = Release|x86
	EndGlobalSection
	GlobalSection(ProjectConfigurationPlatforms) = postSolution
		{EDD683D3-C90F-4C86-B4AE-573B702D3965}.Debug|x64.ActiveCfg = Debug|x64
		{EDD683D3-C90F-4C86-B4AE-573B702D3965}.Debug|x64.Build.0 = Debug|x64
		{EDD683D3-C90F-4C86-B4AE-573B702D3965}.Debug|x86.ActiveCfg = Debug|Win32
		{EDD683D3-C90F-4C86-B4AE-573B702D3965}.Debug|x86.Build.0 = Debug|Win32
		{EDD683D3-C90F-4C86-B4AE-573B702D3965}.Release|x64.ActiveCfg = Release|x64
		{EDD683D3-C90F-4C86-B4AE-573B702D3965}.Release|x64.Build.0 = Release|x64
		{EDD683D3-C90F-4C86-B4AE-573B702D3965}.Release|x86.ActiveCfg = Release|Win32
		{EDD683D3-C90F-4C86-B4AE-573B702D3965}.Release|x86.Build.0 = Release|Win32
	EndGlobalSection
	GlobalSection(SolutionProperties) = preSolution
		HideSolutionNode = FALSE
	EndGlobalSection
	GlobalSection(ExtensibilityGlobals) = postSolution
		SolutionGuid = {99FC6CD8-3953-4EB8-8280-E57E8CE4105D}
	EndGlobalSection
EndGlobal
